
Microsoft Visual Studio Solution File, Format Version 12.00
Project("{2150E333-8FDC-42A3-9474-1A3956D46DE8}") = "Mensajeria", "Mensajeria", "{C1F56B93-4FBF-4F72-B3A7-93E8EC3ED756}"
EndProject
Project("{2150E333-8FDC-42A3-9474-1A3956D46DE8}") = "PromAdmin", "PromAdmin", "{707CCB01-308C-4BCE-9AC9-799C8D4BB4CA}"
EndProject
Project("{2150E333-8FDC-42A3-9474-1A3956D46DE8}") = "Prom", "Prom", "{337FC080-3DB0-4C29-8997-AEFF91FB75D7}"
EndProject
Project("{2150E333-8FDC-42A3-9474-1A3956D46DE8}") = "API", "API", "{88CD932D-1524-4095-A126-DFC7F5FE1BE3}"
EndProject
Project("{2150E333-8FDC-42A3-9474-1A3956D46DE8}") = "Core", "Core", "{B29FBB28-E398-4C87-83D9-AEEDB461EC86}"
EndProject
Project("{2150E333-8FDC-42A3-9474-1A3956D46DE8}") = "Infraestructura", "Infraestructura", "{DB1D1423-777D-437A-8B0A-B46B9E77A8CA}"
EndProject
Project("{2150E333-8FDC-42A3-9474-1A3956D46DE8}") = "API", "API", "{22A1E268-9372-433A-B279-3FED97E16C67}"
EndProject
Project("{2150E333-8FDC-42A3-9474-1A3956D46DE8}") = "Core", "Core", "{BB294FED-14D1-4B6F-9EAA-12D4408515F1}"
EndProject
Project("{2150E333-8FDC-42A3-9474-1A3956D46DE8}") = "Infraestructura", "Infraestructura", "{EC17A923-DBEF-422C-9C9D-583D8EF529B9}"
EndProject
Project("{2150E333-8FDC-42A3-9474-1A3956D46DE8}") = "Infraestructura", "Infraestructura", "{DEF6AD03-E24A-4856-B74E-2D89DCF69872}"
EndProject
Project("{2150E333-8FDC-42A3-9474-1A3956D46DE8}") = "API", "API", "{52F132A9-6067-411F-B8A3-B2215CD542B7}"
EndProject
Project("{2150E333-8FDC-42A3-9474-1A3956D46DE8}") = "Core", "Core", "{BCF6B085-1AD5-4DDE-98D4-A7EA989C65F3}"
EndProject
Project("{FAE04EC0-301F-11D3-BF4B-00C04F79EFBC}") = "PromAdmin.API", "PromAdmin.API\PromAdmin.API.csproj", "{E88FA855-B8AF-41B9-8158-350191C034AB}"
EndProject
Project("{FAE04EC0-301F-11D3-BF4B-00C04F79EFBC}") = "PromAdmin.Dominio", "PromAdmin.Dominio\PromAdmin.Dominio.csproj", "{A999B68C-BED5-40A5-85F6-CD3D931A6047}"
EndProject
Project("{FAE04EC0-301F-11D3-BF4B-00C04F79EFBC}") = "PromAdmin.Aplicacion", "PromAdmin.Aplicacion\PromAdmin.Aplicacion.csproj", "{5A583466-7046-4B4A-B02E-3F0FBA364C0E}"
EndProject
Project("{FAE04EC0-301F-11D3-BF4B-00C04F79EFBC}") = "PromAdmin.Infraestructura", "PromAdmin.Infraestructura\PromAdmin.Infraestructura.csproj", "{A6345D0F-815A-4C27-A03B-7F24DF4FF0A6}"
EndProject
Project("{FAE04EC0-301F-11D3-BF4B-00C04F79EFBC}") = "PromApp.Mensajeria.API", "PromApp.Mensajeria.API\PromApp.Mensajeria.API.csproj", "{215E3523-7017-4F4B-8F33-63505E2CD41D}"
EndProject
Project("{FAE04EC0-301F-11D3-BF4B-00C04F79EFBC}") = "PromApp.Mensajeria.Aplicacion", "PromApp.Mensajeria.Aplicacion\PromApp.Mensajeria.Aplicacion.csproj", "{9DACCFFF-402F-4841-9E0C-4F59BB258D0A}"
EndProject
Project("{FAE04EC0-301F-11D3-BF4B-00C04F79EFBC}") = "PromApp.Mensajeria.Dominio", "PromApp.Mensajeria.Dominio\PromApp.Mensajeria.Dominio.csproj", "{81CCFA3C-EABA-45BB-8DF6-FEA2CDED6E42}"
EndProject
Project("{FAE04EC0-301F-11D3-BF4B-00C04F79EFBC}") = "PromApp.Mensajeria.Infraestructura", "PromApp.Mensajeria.Infraestructura\PromApp.Mensajeria.Infraestructura.csproj", "{AF439520-2517-417D-A0F5-7405403FCDBB}"
EndProject
Project("{FAE04EC0-301F-11D3-BF4B-00C04F79EFBC}") = "PromAdmin.Utilidades", "PromAdmin.Utilidades\PromAdmin.Utilidades.csproj", "{2397E440-E490-46B5-9654-CDEC18B59DF7}"
EndProject
Global
	GlobalSection(SolutionConfigurationPlatforms) = preSolution
		Debug|Any CPU = Debug|Any CPU
		Release|Any CPU = Release|Any CPU
	EndGlobalSection
	GlobalSection(NestedProjects) = preSolution
		{88CD932D-1524-4095-A126-DFC7F5FE1BE3} = {707CCB01-308C-4BCE-9AC9-799C8D4BB4CA}
		{B29FBB28-E398-4C87-83D9-AEEDB461EC86} = {707CCB01-308C-4BCE-9AC9-799C8D4BB4CA}
		{DB1D1423-777D-437A-8B0A-B46B9E77A8CA} = {707CCB01-308C-4BCE-9AC9-799C8D4BB4CA}
		{22A1E268-9372-433A-B279-3FED97E16C67} = {337FC080-3DB0-4C29-8997-AEFF91FB75D7}
		{BB294FED-14D1-4B6F-9EAA-12D4408515F1} = {337FC080-3DB0-4C29-8997-AEFF91FB75D7}
		{EC17A923-DBEF-422C-9C9D-583D8EF529B9} = {337FC080-3DB0-4C29-8997-AEFF91FB75D7}
		{DEF6AD03-E24A-4856-B74E-2D89DCF69872} = {C1F56B93-4FBF-4F72-B3A7-93E8EC3ED756}
		{52F132A9-6067-411F-B8A3-B2215CD542B7} = {C1F56B93-4FBF-4F72-B3A7-93E8EC3ED756}
		{BCF6B085-1AD5-4DDE-98D4-A7EA989C65F3} = {C1F56B93-4FBF-4F72-B3A7-93E8EC3ED756}
		{E88FA855-B8AF-41B9-8158-350191C034AB} = {88CD932D-1524-4095-A126-DFC7F5FE1BE3}
		{A999B68C-BED5-40A5-85F6-CD3D931A6047} = {B29FBB28-E398-4C87-83D9-AEEDB461EC86}
		{5A583466-7046-4B4A-B02E-3F0FBA364C0E} = {B29FBB28-E398-4C87-83D9-AEEDB461EC86}
		{A6345D0F-815A-4C27-A03B-7F24DF4FF0A6} = {DB1D1423-777D-437A-8B0A-B46B9E77A8CA}
		{215E3523-7017-4F4B-8F33-63505E2CD41D} = {52F132A9-6067-411F-B8A3-B2215CD542B7}
		{9DACCFFF-402F-4841-9E0C-4F59BB258D0A} = {BCF6B085-1AD5-4DDE-98D4-A7EA989C65F3}
		{81CCFA3C-EABA-45BB-8DF6-FEA2CDED6E42} = {BCF6B085-1AD5-4DDE-98D4-A7EA989C65F3}
		{AF439520-2517-417D-A0F5-7405403FCDBB} = {DEF6AD03-E24A-4856-B74E-2D89DCF69872}
		{2397E440-E490-46B5-9654-CDEC18B59DF7} = {DB1D1423-777D-437A-8B0A-B46B9E77A8CA}
	EndGlobalSection
	GlobalSection(ProjectConfigurationPlatforms) = postSolution
		{E88FA855-B8AF-41B9-8158-350191C034AB}.Debug|Any CPU.ActiveCfg = Debug|Any CPU
		{E88FA855-B8AF-41B9-8158-350191C034AB}.Debug|Any CPU.Build.0 = Debug|Any CPU
		{E88FA855-B8AF-41B9-8158-350191C034AB}.Release|Any CPU.ActiveCfg = Release|Any CPU
		{E88FA855-B8AF-41B9-8158-350191C034AB}.Release|Any CPU.Build.0 = Release|Any CPU
		{A999B68C-BED5-40A5-85F6-CD3D931A6047}.Debug|Any CPU.ActiveCfg = Debug|Any CPU
		{A999B68C-BED5-40A5-85F6-CD3D931A6047}.Debug|Any CPU.Build.0 = Debug|Any CPU
		{A999B68C-BED5-40A5-85F6-CD3D931A6047}.Release|Any CPU.ActiveCfg = Release|Any CPU
		{A999B68C-BED5-40A5-85F6-CD3D931A6047}.Release|Any CPU.Build.0 = Release|Any CPU
		{5A583466-7046-4B4A-B02E-3F0FBA364C0E}.Debug|Any CPU.ActiveCfg = Debug|Any CPU
		{5A583466-7046-4B4A-B02E-3F0FBA364C0E}.Debug|Any CPU.Build.0 = Debug|Any CPU
		{5A583466-7046-4B4A-B02E-3F0FBA364C0E}.Release|Any CPU.ActiveCfg = Release|Any CPU
		{5A583466-7046-4B4A-B02E-3F0FBA364C0E}.Release|Any CPU.Build.0 = Release|Any CPU
		{A6345D0F-815A-4C27-A03B-7F24DF4FF0A6}.Debug|Any CPU.ActiveCfg = Debug|Any CPU
		{A6345D0F-815A-4C27-A03B-7F24DF4FF0A6}.Debug|Any CPU.Build.0 = Debug|Any CPU
		{A6345D0F-815A-4C27-A03B-7F24DF4FF0A6}.Release|Any CPU.ActiveCfg = Release|Any CPU
		{A6345D0F-815A-4C27-A03B-7F24DF4FF0A6}.Release|Any CPU.Build.0 = Release|Any CPU
		{215E3523-7017-4F4B-8F33-63505E2CD41D}.Debug|Any CPU.ActiveCfg = Debug|Any CPU
		{215E3523-7017-4F4B-8F33-63505E2CD41D}.Debug|Any CPU.Build.0 = Debug|Any CPU
		{215E3523-7017-4F4B-8F33-63505E2CD41D}.Release|Any CPU.ActiveCfg = Release|Any CPU
		{215E3523-7017-4F4B-8F33-63505E2CD41D}.Release|Any CPU.Build.0 = Release|Any CPU
		{9DACCFFF-402F-4841-9E0C-4F59BB258D0A}.Debug|Any CPU.ActiveCfg = Debug|Any CPU
		{9DACCFFF-402F-4841-9E0C-4F59BB258D0A}.Debug|Any CPU.Build.0 = Debug|Any CPU
		{9DACCFFF-402F-4841-9E0C-4F59BB258D0A}.Release|Any CPU.ActiveCfg = Release|Any CPU
		{9DACCFFF-402F-4841-9E0C-4F59BB258D0A}.Release|Any CPU.Build.0 = Release|Any CPU
		{81CCFA3C-EABA-45BB-8DF6-FEA2CDED6E42}.Debug|Any CPU.ActiveCfg = Debug|Any CPU
		{81CCFA3C-EABA-45BB-8DF6-FEA2CDED6E42}.Debug|Any CPU.Build.0 = Debug|Any CPU
		{81CCFA3C-EABA-45BB-8DF6-FEA2CDED6E42}.Release|Any CPU.ActiveCfg = Release|Any CPU
		{81CCFA3C-EABA-45BB-8DF6-FEA2CDED6E42}.Release|Any CPU.Build.0 = Release|Any CPU
		{AF439520-2517-417D-A0F5-7405403FCDBB}.Debug|Any CPU.ActiveCfg = Debug|Any CPU
		{AF439520-2517-417D-A0F5-7405403FCDBB}.Debug|Any CPU.Build.0 = Debug|Any CPU
		{AF439520-2517-417D-A0F5-7405403FCDBB}.Release|Any CPU.ActiveCfg = Release|Any CPU
		{AF439520-2517-417D-A0F5-7405403FCDBB}.Release|Any CPU.Build.0 = Release|Any CPU
		{2397E440-E490-46B5-9654-CDEC18B59DF7}.Debug|Any CPU.ActiveCfg = Debug|Any CPU
		{2397E440-E490-46B5-9654-CDEC18B59DF7}.Debug|Any CPU.Build.0 = Debug|Any CPU
		{2397E440-E490-46B5-9654-CDEC18B59DF7}.Release|Any CPU.ActiveCfg = Release|Any CPU
		{2397E440-E490-46B5-9654-CDEC18B59DF7}.Release|Any CPU.Build.0 = Release|Any CPU
	EndGlobalSection
EndGlobal
